<?xml version="1.0" encoding="utf-8"?>
<Project ToolsVersion="4.0" xmlns="http://schemas.microsoft.com/developer/msbuild/2003">
  <ItemGroup>
    <Filter Include="Source Files">
      <UniqueIdentifier>{4FC737F1-C7A5-4376-A066-2A32D752A2FF}</UniqueIdentifier>
      <Extensions>cpp;c;cc;cxx;def;odl;idl;hpj;bat;asm;asmx</Extensions>
    </Filter>
    <Filter Include="Header Files">
      <UniqueIdentifier>{93995380-89BD-4b04-88EB-625FBE52EBFB}</UniqueIdentifier>
      <Extensions>h;hh;hpp;hxx;hm;inl;inc;xsd</Extensions>
    </Filter>
    <Filter Include="Resource Files">
      <UniqueIdentifier>{67DA6AB6-F800-4c08-8B7A-83BB121AAD01}</UniqueIdentifier>
      <Extensions>rc;ico;cur;bmp;dlg;rc2;rct;bin;rgs;gif;jpg;jpeg;jpe;resx;tiff;tif;png;wav</Extensions>
    </Filter>
  </ItemGroup>
  <ItemGroup>
    <ClCompile Include="libxl\pugixml.cpp">
      <Filter>Source Files</Filter>
    </ClCompile>
    <ClCompile Include="libxl\XLCell.cpp">
      <Filter>Source Files</Filter>
    </ClCompile>
    <ClCompile Include="libxl\XLCellIterator.cpp">
      <Filter>Source Files</Filter>
    </ClCompile>
    <ClCompile Include="libxl\XLCellRange.cpp">
      <Filter>Source Files</Filter>
    </ClCompile>
    <ClCompile Include="libxl\XLCellReference.cpp">
      <Filter>Source Files</Filter>
    </ClCompile>
    <ClCompile Include="libxl\XLCellValue.cpp">
      <Filter>Source Files</Filter>
    </ClCompile>
    <ClCompile Include="libxl\XLColor.cpp">
      <Filter>Source Files</Filter>
    </ClCompile>
    <ClCompile Include="libxl\XLColumn.cpp">
      <Filter>Source Files</Filter>
    </ClCompile>
    <ClCompile Include="libxl\XLComments.cpp">
      <Filter>Source Files</Filter>
    </ClCompile>
    <ClCompile Include="libxl\XLContentTypes.cpp">
      <Filter>Source Files</Filter>
    </ClCompile>
    <ClCompile Include="libxl\XLDateTime.cpp">
      <Filter>Source Files</Filter>
    </ClCompile>
    <ClCompile Include="libxl\XLDocument.cpp">
      <Filter>Source Files</Filter>
    </ClCompile>
    <ClCompile Include="libxl\XLDrawing.cpp">
      <Filter>Source Files</Filter>
    </ClCompile>
    <ClCompile Include="libxl\XLFormula.cpp">
      <Filter>Source Files</Filter>
    </ClCompile>
    <ClCompile Include="libxl\XLMergeCells.cpp">
      <Filter>Source Files</Filter>
    </ClCompile>
    <ClCompile Include="libxl\XLProperties.cpp">
      <Filter>Source Files</Filter>
    </ClCompile>
    <ClCompile Include="libxl\XLRelationships.cpp">
      <Filter>Source Files</Filter>
    </ClCompile>
    <ClCompile Include="libxl\XLRow.cpp">
      <Filter>Source Files</Filter>
    </ClCompile>
    <ClCompile Include="libxl\XLRowData.cpp">
      <Filter>Source Files</Filter>
    </ClCompile>
    <ClCompile Include="libxl\XLSharedStrings.cpp">
      <Filter>Source Files</Filter>
    </ClCompile>
    <ClCompile Include="libxl\XLSheet.cpp">
      <Filter>Source Files</Filter>
    </ClCompile>
    <ClCompile Include="libxl\XLStyles.cpp">
      <Filter>Source Files</Filter>
    </ClCompile>
    <ClCompile Include="libxl\XLTables.cpp">
      <Filter>Source Files</Filter>
    </ClCompile>
    <ClCompile Include="libxl\XLWorkbook.cpp">
      <Filter>Source Files</Filter>
    </ClCompile>
    <ClCompile Include="libxl\XLXmlData.cpp">
      <Filter>Source Files</Filter>
    </ClCompile>
    <ClCompile Include="libxl\XLXmlFile.cpp">
      <Filter>Source Files</Filter>
    </ClCompile>
    <ClCompile Include="libxl\XLXmlParser.cpp">
      <Filter>Source Files</Filter>
    </ClCompile>
    <ClCompile Include="libxl\XLZipArchive.cpp">
      <Filter>Source Files</Filter>
    </ClCompile>
    <ClCompile Include="old\code\AutoQuitShell.cpp">
      <Filter>Source Files</Filter>
    </ClCompile>
    <ClCompile Include="old\code\JsonParser.cpp">
      <Filter>Source Files</Filter>
    </ClCompile>
    <ClCompile Include="old\code\main.cpp">
      <Filter>Source Files</Filter>
    </ClCompile>
    <ClCompile Include="old\code\RaceActivity.cpp">
      <Filter>Source Files</Filter>
    </ClCompile>
    <ClCompile Include="old\code\RaceXL.cpp">
      <Filter>Source Files</Filter>
    </ClCompile>
    <ClCompile Include="old\code\UtilsFunctions.cpp">
      <Filter>Source Files</Filter>
    </ClCompile>
    <ClCompile Include="old\code\XL_Functions.cpp">
      <Filter>Source Files</Filter>
    </ClCompile>
  </ItemGroup>
  <ItemGroup>
    <ClInclude Include="libxl\IZipArchive.hpp">
      <Filter>Header Files</Filter>
    </ClInclude>
    <ClInclude Include="libxl\OpenXLSX-Exports.hpp">
      <Filter>Header Files</Filter>
    </ClInclude>
    <ClInclude Include="libxl\OpenXLSX.hpp">
      <Filter>Header Files</Filter>
    </ClInclude>
    <ClInclude Include="libxl\pugiconfig.hpp">
      <Filter>Header Files</Filter>
    </ClInclude>
    <ClInclude Include="libxl\pugixml.hpp">
      <Filter>Header Files</Filter>
    </ClInclude>
    <ClInclude Include="libxl\XLCell.hpp">
      <Filter>Header Files</Filter>
    </ClInclude>
    <ClInclude Include="libxl\XLCellIterator.hpp">
      <Filter>Header Files</Filter>
    </ClInclude>
    <ClInclude Include="libxl\XLCellRange.hpp">
      <Filter>Header Files</Filter>
    </ClInclude>
    <ClInclude Include="libxl\XLCellReference.hpp">
      <Filter>Header Files</Filter>
    </ClInclude>
    <ClInclude Include="libxl\XLCellValue.hpp">
      <Filter>Header Files</Filter>
    </ClInclude>
    <ClInclude Include="libxl\XLColor.hpp">
      <Filter>Header Files</Filter>
    </ClInclude>
    <ClInclude Include="libxl\XLColumn.hpp">
      <Filter>Header Files</Filter>
    </ClInclude>
    <ClInclude Include="libxl\XLCommandQuery.hpp">
      <Filter>Header Files</Filter>
    </ClInclude>
    <ClInclude Include="libxl\XLComments.hpp">
      <Filter>Header Files</Filter>
    </ClInclude>
    <ClInclude Include="libxl\XLConstants.hpp">
      <Filter>Header Files</Filter>
    </ClInclude>
    <ClInclude Include="libxl\XLContentTypes.hpp">
      <Filter>Header Files</Filter>
    </ClInclude>
    <ClInclude Include="libxl\XLDateTime.hpp">
      <Filter>Header Files</Filter>
    </ClInclude>
    <ClInclude Include="libxl\XLDocument.hpp">
      <Filter>Header Files</Filter>
    </ClInclude>
    <ClInclude Include="libxl\XLDrawing.hpp">
      <Filter>Header Files</Filter>
    </ClInclude>
    <ClInclude Include="libxl\XLException.hpp">
      <Filter>Header Files</Filter>
    </ClInclude>
    <ClInclude Include="libxl\XLFormula.hpp">
      <Filter>Header Files</Filter>
    </ClInclude>
    <ClInclude Include="libxl\XLIterator.hpp">
      <Filter>Header Files</Filter>
    </ClInclude>
    <ClInclude Include="libxl\XLMergeCells.hpp">
      <Filter>Header Files</Filter>
    </ClInclude>
    <ClInclude Include="libxl\XLProperties.hpp">
      <Filter>Header Files</Filter>
    </ClInclude>
    <ClInclude Include="libxl\XLRelationships.hpp">
      <Filter>Header Files</Filter>
    </ClInclude>
    <ClInclude Include="libxl\XLRow.hpp">
      <Filter>Header Files</Filter>
    </ClInclude>
    <ClInclude Include="libxl\XLRowData.hpp">
      <Filter>Header Files</Filter>
    </ClInclude>
    <ClInclude Include="libxl\XLSharedStrings.hpp">
      <Filter>Header Files</Filter>
    </ClInclude>
    <ClInclude Include="libxl\XLSheet.hpp">
      <Filter>Header Files</Filter>
    </ClInclude>
    <ClInclude Include="libxl\XLStyles.hpp">
      <Filter>Header Files</Filter>
    </ClInclude>
    <ClInclude Include="libxl\XLTables.hpp">
      <Filter>Header Files</Filter>
    </ClInclude>
    <ClInclude Include="libxl\XLWorkbook.hpp">
      <Filter>Header Files</Filter>
    </ClInclude>
    <ClInclude Include="libxl\XLXmlData.hpp">
      <Filter>Header Files</Filter>
    </ClInclude>
    <ClInclude Include="libxl\XLXmlFile.hpp">
      <Filter>Header Files</Filter>
    </ClInclude>
    <ClInclude Include="libxl\XLXmlParser.hpp">
      <Filter>Header Files</Filter>
    </ClInclude>
    <ClInclude Include="libxl\XLZipArchive.hpp">
      <Filter>Header Files</Filter>
    </ClInclude>
    <ClInclude Include="libxl\utilities\XLUtilities.hpp">
      <Filter>Header Files</Filter>
    </ClInclude>
    <ClInclude Include="libxl\zippy\zippy.hpp">
      <Filter>Header Files</Filter>
    </ClInclude>
    <ClInclude Include="nowide\nowide\args.hpp">
      <Filter>Header Files</Filter>
    </ClInclude>
    <ClInclude Include="nowide\nowide\cenv.hpp">
      <Filter>Header Files</Filter>
    </ClInclude>
    <ClInclude Include="nowide\nowide\config.hpp">
      <Filter>Header Files</Filter>
    </ClInclude>
    <ClInclude Include="nowide\nowide\convert.hpp">
      <Filter>Header Files</Filter>
    </ClInclude>
    <ClInclude Include="nowide\nowide\cstdio.hpp">
      <Filter>Header Files</Filter>
    </ClInclude>
    <ClInclude Include="nowide\nowide\cstdlib.hpp">
      <Filter>Header Files</Filter>
    </ClInclude>
    <ClInclude Include="nowide\nowide\encoding_errors.hpp">
      <Filter>Header Files</Filter>
    </ClInclude>
    <ClInclude Include="nowide\nowide\encoding_utf.hpp">
      <Filter>Header Files</Filter>
    </ClInclude>
    <ClInclude Include="nowide\nowide\filebuf.hpp">
      <Filter>Header Files</Filter>
    </ClInclude>
    <ClInclude Include="nowide\nowide\fstream.hpp">
      <Filter>Header Files</Filter>
    </ClInclude>
    <ClInclude Include="nowide\nowide\iostream.hpp">
      <Filter>Header Files</Filter>
    </ClInclude>
    <ClInclude Include="nowide\nowide\scoped_ptr.hpp">
      <Filter>Header Files</Filter>
    </ClInclude>
    <ClInclude Include="nowide\nowide\stackstring.hpp">
      <Filter>Header Files</Filter>
    </ClInclude>
    <ClInclude Include="nowide\nowide\system.hpp">
      <Filter>Header Files</Filter>
    </ClInclude>
    <ClInclude Include="nowide\nowide\utf.hpp">
      <Filter>Header Files</Filter>
    </ClInclude>
    <ClInclude Include="nowide\nowide\utf8_codecvt.hpp">
      <Filter>Header Files</Filter>
    </ClInclude>
    <ClInclude Include="nowide\nowide\windows.hpp">
      <Filter>Header Files</Filter>
    </ClInclude>
    <ClInclude Include="old\code\AutoQuitShell.h">
      <Filter>Header Files</Filter>
    </ClInclude>
    <ClInclude Include="old\code\JsonParser.h">
      <Filter>Header Files</Filter>
    </ClInclude>
    <ClInclude Include="old\code\RaceActivity.h">
      <Filter>Header Files</Filter>
    </ClInclude>
    <ClInclude Include="old\code\RaceXL.h">
      <Filter>Header Files</Filter>
    </ClInclude>
    <ClInclude Include="old\code\UtilsFunctions.h">
      <Filter>Header Files</Filter>
    </ClInclude>
    <ClInclude Include="old\code\XL_Functions.h">
      <Filter>Header Files</Filter>
    </ClInclude>
  </ItemGroup>
  <ItemGroup>
    <ResourceCompile Include="old\code\resources.rc">
      <Filter>Resource Files</Filter>
    </ResourceCompile>
  </ItemGroup>
</Project>