<?xml version="1.0" encoding="utf-8"?>
<Project ToolsVersion="4.0" xmlns="http://schemas.microsoft.com/developer/msbuild/2003">
  <ItemGroup>
    <Filter Include="Source Files">
      <UniqueIdentifier>{4FC737F1-C7A5-4376-A066-2A32D752A2FF}</UniqueIdentifier>
      <Extensions>cpp;c;cc;cxx;c++;cppm;ixx;def;odl;idl;hpj;bat;asm;asmx</Extensions>
    </Filter>
    <Filter Include="Header Files">
      <UniqueIdentifier>{93995380-89BD-4b04-88EB-625FBE52EBFB}</UniqueIdentifier>
      <Extensions>h;hh;hpp;hxx;h++;hm;inl;inc;ipp;xsd</Extensions>
    </Filter>
    <Filter Include="Resource Files">
      <UniqueIdentifier>{67DA6AB6-F800-4c08-8B7A-83BB121AAD01}</UniqueIdentifier>
      <Extensions>rc;ico;cur;bmp;dlg;rc2;rct;bin;rgs;gif;jpg;jpeg;jpe;resx;tiff;tif;png;wav;mfcribbon-ms</Extensions>
    </Filter>
  </ItemGroup>
  <ItemGroup>
    <ClCompile Include="Test.cpp">
      <Filter>Source Files</Filter>
    </ClCompile>
    <ClCompile Include="libXL\pugixml.cpp">
      <Filter>Source Files</Filter>
    </ClCompile>
    <ClCompile Include="libXL\XLCell.cpp">
      <Filter>Source Files</Filter>
    </ClCompile>
    <ClCompile Include="libXL\XLCellIterator.cpp">
      <Filter>Source Files</Filter>
    </ClCompile>
    <ClCompile Include="libXL\XLCellRange.cpp">
      <Filter>Source Files</Filter>
    </ClCompile>
    <ClCompile Include="libXL\XLCellReference.cpp">
      <Filter>Source Files</Filter>
    </ClCompile>
    <ClCompile Include="libXL\XLCellValue.cpp">
      <Filter>Source Files</Filter>
    </ClCompile>
    <ClCompile Include="libXL\XLColor.cpp">
      <Filter>Source Files</Filter>
    </ClCompile>
    <ClCompile Include="libXL\XLColumn.cpp">
      <Filter>Source Files</Filter>
    </ClCompile>
    <ClCompile Include="libXL\XLComments.cpp">
      <Filter>Source Files</Filter>
    </ClCompile>
    <ClCompile Include="libXL\XLContentTypes.cpp">
      <Filter>Source Files</Filter>
    </ClCompile>
    <ClCompile Include="libXL\XLDateTime.cpp">
      <Filter>Source Files</Filter>
    </ClCompile>
    <ClCompile Include="libXL\XLDocument.cpp">
      <Filter>Source Files</Filter>
    </ClCompile>
    <ClCompile Include="libXL\XLDrawing.cpp">
      <Filter>Source Files</Filter>
    </ClCompile>
    <ClCompile Include="libXL\XLFormula.cpp">
      <Filter>Source Files</Filter>
    </ClCompile>
    <ClCompile Include="libXL\XLMergeCells.cpp">
      <Filter>Source Files</Filter>
    </ClCompile>
    <ClCompile Include="libXL\XLProperties.cpp">
      <Filter>Source Files</Filter>
    </ClCompile>
    <ClCompile Include="libXL\XLRelationships.cpp">
      <Filter>Source Files</Filter>
    </ClCompile>
    <ClCompile Include="libXL\XLRow.cpp">
      <Filter>Source Files</Filter>
    </ClCompile>
    <ClCompile Include="libXL\XLRowData.cpp">
      <Filter>Source Files</Filter>
    </ClCompile>
    <ClCompile Include="libXL\XLSharedStrings.cpp">
      <Filter>Source Files</Filter>
    </ClCompile>
    <ClCompile Include="libXL\XLSheet.cpp">
      <Filter>Source Files</Filter>
    </ClCompile>
    <ClCompile Include="libXL\XLStyles.cpp">
      <Filter>Source Files</Filter>
    </ClCompile>
    <ClCompile Include="libXL\XLTables.cpp">
      <Filter>Source Files</Filter>
    </ClCompile>
    <ClCompile Include="libXL\XLWorkbook.cpp">
      <Filter>Source Files</Filter>
    </ClCompile>
    <ClCompile Include="libXL\XLXmlData.cpp">
      <Filter>Source Files</Filter>
    </ClCompile>
    <ClCompile Include="libXL\XLXmlFile.cpp">
      <Filter>Source Files</Filter>
    </ClCompile>
    <ClCompile Include="libXL\XLXmlParser.cpp">
      <Filter>Source Files</Filter>
    </ClCompile>
    <ClCompile Include="libXL\XLZipArchive.cpp">
      <Filter>Source Files</Filter>
    </ClCompile>
  </ItemGroup>
  <ItemGroup>
    <ClInclude Include="libXL\utilities\XLUtilities.hpp">
      <Filter>Header Files</Filter>
    </ClInclude>
    <ClInclude Include="libXL\zippy\zippy.hpp">
      <Filter>Header Files</Filter>
    </ClInclude>
    <ClInclude Include="libXL\IZipArchive.hpp">
      <Filter>Header Files</Filter>
    </ClInclude>
    <ClInclude Include="libXL\OpenXLSX.hpp">
      <Filter>Header Files</Filter>
    </ClInclude>
    <ClInclude Include="libXL\OpenXLSX-Exports.hpp">
      <Filter>Header Files</Filter>
    </ClInclude>
    <ClInclude Include="libXL\pugiconfig.hpp">
      <Filter>Header Files</Filter>
    </ClInclude>
    <ClInclude Include="libXL\pugixml.hpp">
      <Filter>Header Files</Filter>
    </ClInclude>
    <ClInclude Include="libXL\XLCell.hpp">
      <Filter>Header Files</Filter>
    </ClInclude>
    <ClInclude Include="libXL\XLCellIterator.hpp">
      <Filter>Header Files</Filter>
    </ClInclude>
    <ClInclude Include="libXL\XLCellRange.hpp">
      <Filter>Header Files</Filter>
    </ClInclude>
    <ClInclude Include="libXL\XLCellReference.hpp">
      <Filter>Header Files</Filter>
    </ClInclude>
    <ClInclude Include="libXL\XLCellValue.hpp">
      <Filter>Header Files</Filter>
    </ClInclude>
    <ClInclude Include="libXL\XLColor.hpp">
      <Filter>Header Files</Filter>
    </ClInclude>
    <ClInclude Include="libXL\XLColumn.hpp">
      <Filter>Header Files</Filter>
    </ClInclude>
    <ClInclude Include="libXL\XLCommandQuery.hpp">
      <Filter>Header Files</Filter>
    </ClInclude>
    <ClInclude Include="libXL\XLComments.hpp">
      <Filter>Header Files</Filter>
    </ClInclude>
    <ClInclude Include="libXL\XLConstants.hpp">
      <Filter>Header Files</Filter>
    </ClInclude>
    <ClInclude Include="libXL\XLContentTypes.hpp">
      <Filter>Header Files</Filter>
    </ClInclude>
    <ClInclude Include="libXL\XLDateTime.hpp">
      <Filter>Header Files</Filter>
    </ClInclude>
    <ClInclude Include="libXL\XLDocument.hpp">
      <Filter>Header Files</Filter>
    </ClInclude>
    <ClInclude Include="libXL\XLDrawing.hpp">
      <Filter>Header Files</Filter>
    </ClInclude>
    <ClInclude Include="libXL\XLException.hpp">
      <Filter>Header Files</Filter>
    </ClInclude>
    <ClInclude Include="libXL\XLFormula.hpp">
      <Filter>Header Files</Filter>
    </ClInclude>
    <ClInclude Include="libXL\XLIterator.hpp">
      <Filter>Header Files</Filter>
    </ClInclude>
    <ClInclude Include="libXL\XLMergeCells.hpp">
      <Filter>Header Files</Filter>
    </ClInclude>
    <ClInclude Include="libXL\XLProperties.hpp">
      <Filter>Header Files</Filter>
    </ClInclude>
    <ClInclude Include="libXL\XLRelationships.hpp">
      <Filter>Header Files</Filter>
    </ClInclude>
    <ClInclude Include="libXL\XLRow.hpp">
      <Filter>Header Files</Filter>
    </ClInclude>
    <ClInclude Include="libXL\XLRowData.hpp">
      <Filter>Header Files</Filter>
    </ClInclude>
    <ClInclude Include="libXL\XLSharedStrings.hpp">
      <Filter>Header Files</Filter>
    </ClInclude>
    <ClInclude Include="libXL\XLSheet.hpp">
      <Filter>Header Files</Filter>
    </ClInclude>
    <ClInclude Include="libXL\XLStyles.hpp">
      <Filter>Header Files</Filter>
    </ClInclude>
    <ClInclude Include="libXL\XLTables.hpp">
      <Filter>Header Files</Filter>
    </ClInclude>
    <ClInclude Include="libXL\XLWorkbook.hpp">
      <Filter>Header Files</Filter>
    </ClInclude>
    <ClInclude Include="libXL\XLXmlData.hpp">
      <Filter>Header Files</Filter>
    </ClInclude>
    <ClInclude Include="libXL\XLXmlFile.hpp">
      <Filter>Header Files</Filter>
    </ClInclude>
    <ClInclude Include="libXL\XLXmlParser.hpp">
      <Filter>Header Files</Filter>
    </ClInclude>
    <ClInclude Include="libXL\XLZipArchive.hpp">
      <Filter>Header Files</Filter>
    </ClInclude>
    <ClInclude Include="nowide\nowide\args.hpp">
      <Filter>Header Files</Filter>
    </ClInclude>
    <ClInclude Include="nowide\nowide\cenv.hpp">
      <Filter>Header Files</Filter>
    </ClInclude>
    <ClInclude Include="nowide\nowide\config.hpp">
      <Filter>Header Files</Filter>
    </ClInclude>
    <ClInclude Include="nowide\nowide\convert.hpp">
      <Filter>Header Files</Filter>
    </ClInclude>
    <ClInclude Include="nowide\nowide\cstdio.hpp">
      <Filter>Header Files</Filter>
    </ClInclude>
    <ClInclude Include="nowide\nowide\cstdlib.hpp">
      <Filter>Header Files</Filter>
    </ClInclude>
    <ClInclude Include="nowide\nowide\encoding_errors.hpp">
      <Filter>Header Files</Filter>
    </ClInclude>
    <ClInclude Include="nowide\nowide\encoding_utf.hpp">
      <Filter>Header Files</Filter>
    </ClInclude>
    <ClInclude Include="nowide\nowide\filebuf.hpp">
      <Filter>Header Files</Filter>
    </ClInclude>
    <ClInclude Include="nowide\nowide\fstream.hpp">
      <Filter>Header Files</Filter>
    </ClInclude>
    <ClInclude Include="nowide\nowide\iostream.hpp">
      <Filter>Header Files</Filter>
    </ClInclude>
    <ClInclude Include="nowide\nowide\scoped_ptr.hpp">
      <Filter>Header Files</Filter>
    </ClInclude>
    <ClInclude Include="nowide\nowide\stackstring.hpp">
      <Filter>Header Files</Filter>
    </ClInclude>
    <ClInclude Include="nowide\nowide\system.hpp">
      <Filter>Header Files</Filter>
    </ClInclude>
    <ClInclude Include="nowide\nowide\utf.hpp">
      <Filter>Header Files</Filter>
    </ClInclude>
    <ClInclude Include="nowide\nowide\utf8_codecvt.hpp">
      <Filter>Header Files</Filter>
    </ClInclude>
    <ClInclude Include="nowide\nowide\windows.hpp">
      <Filter>Header Files</Filter>
    </ClInclude>
  </ItemGroup>
  <ItemGroup>
    <ResourceCompile Include="resources.rc">
      <Filter>Resource Files</Filter>
    </ResourceCompile>
  </ItemGroup>
</Project>